// !$*UTF8*$!
{
   archiveVersion = "1";
   objectVersion = "46";
   objects = {
      OBJ_1 = {
         isa = "PBXProject";
         attributes = {
            LastUpgradeCheck = "9999";
         };
         buildConfigurationList = OBJ_2;
         compatibilityVersion = "Xcode 3.2";
         developmentRegion = "English";
         hasScannedForEncodings = "0";
         knownRegions = (
            "en",
         );
         mainGroup = OBJ_5;
         productRefGroup = OBJ_22;
         projectDirPath = ".";
         targets = (
            OBJ_24,
         );
      };
      OBJ_10 = {
         isa = "PBXFileReference";
         path = "fileio.swift";
         sourceTree = "<group>";
      };
      OBJ_11 = {
         isa = "PBXFileReference";
         path = "GNUlicense.swift";
         sourceTree = "<group>";
      };
      OBJ_12 = {
         isa = "PBXFileReference";
         path = "InputData.swift";
         sourceTree = "<group>";
      };
      OBJ_13 = {
         isa = "PBXFileReference";
         path = "main.swift";
         sourceTree = "<group>";
      };
      OBJ_14 = {
         isa = "PBXFileReference";
         path = "stringmanipulation.swift";
         sourceTree = "<group>";
      };
      OBJ_15 = {
         isa = "PBXFileReference";
         path = "VariablesData.swift";
         sourceTree = "<group>";
      };
      OBJ_16 = {
         isa = "PBXGroup";
         children = (
         );
         path = "Tests";
         sourceTree = "<group>";
      };
      OBJ_17 = {
         isa = "PBXFileReference";
         path = "ClassgeneratorCPPTests";
         sourceTree = "SOURCE_ROOT";
      };
      OBJ_18 = {
         isa = "PBXFileReference";
         path = "ClassgeneratorCTests3";
         sourceTree = "SOURCE_ROOT";
      };
      OBJ_19 = {
         isa = "PBXFileReference";
         path = "sampleinput";
         sourceTree = "SOURCE_ROOT";
      };
      OBJ_2 = {
         isa = "XCConfigurationList";
         buildConfigurations = (
            OBJ_3,
            OBJ_4,
         );
         defaultConfigurationIsVisible = "0";
         defaultConfigurationName = "Debug";
      };
      OBJ_20 = {
         isa = "PBXFileReference";
         path = "testfiles";
         sourceTree = "SOURCE_ROOT";
      };
      OBJ_21 = {
         isa = "PBXFileReference";
         path = "usermanual";
         sourceTree = "SOURCE_ROOT";
      };
      OBJ_22 = {
         isa = "PBXGroup";
         children = (
            OBJ_23,
         );
         name = "Products";
         path = "";
         sourceTree = "BUILT_PRODUCTS_DIR";
      };
      OBJ_23 = {
         isa = "PBXFileReference";
         path = "classgenerator";
         sourceTree = "BUILT_PRODUCTS_DIR";
      };
      OBJ_24 = {
         isa = "PBXNativeTarget";
         buildConfigurationList = OBJ_25;
         buildPhases = (
            OBJ_28,
            OBJ_36,
         );
         dependencies = (
         );
         name = "classgenerator";
         productName = "classgenerator";
         productReference = OBJ_23;
         productType = "com.apple.product-type.tool";
      };
      OBJ_25 = {
         isa = "XCConfigurationList";
         buildConfigurations = (
            OBJ_26,
            OBJ_27,
         );
         defaultConfigurationIsVisible = "0";
         defaultConfigurationName = "Debug";
      };
      OBJ_26 = {
         isa = "XCBuildConfiguration";
         buildSettings = {
            FRAMEWORK_SEARCH_PATHS = (
               "$(PLATFORM_DIR)/Developer/Library/Frameworks",
            );
            HEADER_SEARCH_PATHS = (
            );
            INFOPLIST_FILE = "classgenerator.xcodeproj/classgenerator_Info.plist";
            LD_RUNPATH_SEARCH_PATHS = (
               "$(TOOLCHAIN_DIR)/usr/lib/swift/macosx",
               "@executable_path",
            );
            OTHER_LDFLAGS = (
               "$(inherited)",
            );
            OTHER_SWIFT_FLAGS = (
               "$(inherited)",
            );
            SUPPORTED_PLATFORMS = (
               "macosx",
            );
            SWIFT_ACTIVE_COMPILATION_CONDITIONS = "SWIFT_PACKAGE";
            SWIFT_FORCE_DYNAMIC_LINK_STDLIB = "YES";
            SWIFT_FORCE_STATIC_LINK_STDLIB = "NO";
            SWIFT_VERSION = "3.1";
            TARGET_NAME = "classgenerator";
         };
         name = "Debug";
      };
      OBJ_27 = {
         isa = "XCBuildConfiguration";
         buildSettings = {
            FRAMEWORK_SEARCH_PATHS = (
               "$(PLATFORM_DIR)/Developer/Library/Frameworks",
            );
            HEADER_SEARCH_PATHS = (
            );
            INFOPLIST_FILE = "classgenerator.xcodeproj/classgenerator_Info.plist";
            LD_RUNPATH_SEARCH_PATHS = (
               "$(TOOLCHAIN_DIR)/usr/lib/swift/macosx",
               "@executable_path",
            );
            OTHER_LDFLAGS = (
               "$(inherited)",
            );
            OTHER_SWIFT_FLAGS = (
               "$(inherited)",
            );
            SUPPORTED_PLATFORMS = (
               "macosx",
            );
            SWIFT_ACTIVE_COMPILATION_CONDITIONS = "SWIFT_PACKAGE";
            SWIFT_FORCE_DYNAMIC_LINK_STDLIB = "YES";
            SWIFT_FORCE_STATIC_LINK_STDLIB = "NO";
            SWIFT_VERSION = "3.1";
            TARGET_NAME = "classgenerator";
         };
         name = "Release";
      };
      OBJ_28 = {
         isa = "PBXSourcesBuildPhase";
         files = (
            OBJ_29,
            OBJ_30,
            OBJ_31,
            OBJ_32,
            OBJ_33,
            OBJ_34,
            OBJ_35,
         );
      };
      OBJ_29 = {
         isa = "PBXBuildFile";
         fileRef = OBJ_9;
      };
      OBJ_3 = {
         isa = "XCBuildConfiguration";
         buildSettings = {
            COMBINE_HIDPI_IMAGES = "YES";
            COPY_PHASE_STRIP = "NO";
            DEBUG_INFORMATION_FORMAT = "dwarf";
            DYLIB_INSTALL_NAME_BASE = "@rpath";
            ENABLE_NS_ASSERTIONS = "YES";
            GCC_OPTIMIZATION_LEVEL = "0";
            MACOSX_DEPLOYMENT_TARGET = "10.10";
            ONLY_ACTIVE_ARCH = "YES";
            OTHER_SWIFT_FLAGS = (
               "-DXcode",
            );
            PRODUCT_NAME = "$(TARGET_NAME)";
            SUPPORTED_PLATFORMS = (
               "macosx",
               "iphoneos",
               "iphonesimulator",
               "appletvos",
               "appletvsimulator",
               "watchos",
               "watchsimulator",
            );
            SWIFT_OPTIMIZATION_LEVEL = "-Onone";
            USE_HEADERMAP = "NO";
         };
         name = "Debug";
      };
      OBJ_30 = {
         isa = "PBXBuildFile";
         fileRef = OBJ_10;
      };
      OBJ_31 = {
         isa = "PBXBuildFile";
         fileRef = OBJ_11;
      };
      OBJ_32 = {
         isa = "PBXBuildFile";
         fileRef = OBJ_12;
      };
      OBJ_33 = {
         isa = "PBXBuildFile";
         fileRef = OBJ_13;
      };
      OBJ_34 = {
         isa = "PBXBuildFile";
         fileRef = OBJ_14;
      };
      OBJ_35 = {
         isa = "PBXBuildFile";
         fileRef = OBJ_15;
      };
      OBJ_36 = {
         isa = "PBXFrameworksBuildPhase";
         files = (
         );
      };
      OBJ_4 = {
         isa = "XCBuildConfiguration";
         buildSettings = {
            COMBINE_HIDPI_IMAGES = "YES";
            COPY_PHASE_STRIP = "YES";
            DEBUG_INFORMATION_FORMAT = "dwarf-with-dsym";
            DYLIB_INSTALL_NAME_BASE = "@rpath";
            GCC_OPTIMIZATION_LEVEL = "s";
            MACOSX_DEPLOYMENT_TARGET = "10.10";
            OTHER_SWIFT_FLAGS = (
               "-DXcode",
            );
            PRODUCT_NAME = "$(TARGET_NAME)";
            SUPPORTED_PLATFORMS = (
               "macosx",
               "iphoneos",
               "iphonesimulator",
               "appletvos",
               "appletvsimulator",
               "watchos",
               "watchsimulator",
            );
            SWIFT_OPTIMIZATION_LEVEL = "-O";
            USE_HEADERMAP = "NO";
         };
         name = "Release";
      };
      OBJ_5 = {
         isa = "PBXGroup";
         children = (
            OBJ_6,
            OBJ_7,
            OBJ_16,
            OBJ_17,
            OBJ_18,
            OBJ_19,
            OBJ_20,
            OBJ_21,
            OBJ_22,
         );
         path = "";
         sourceTree = "<group>";
      };
      OBJ_6 = {
         isa = "PBXFileReference";
         explicitFileType = "sourcecode.swift";
         path = "Package.swift";
         sourceTree = "<group>";
      };
      OBJ_7 = {
         isa = "PBXGroup";
         children = (
            OBJ_8,
         );
         path = "Sources";
         sourceTree = "<group>";
      };
      OBJ_8 = {
         isa = "PBXGroup";
         children = (
            OBJ_9,
            OBJ_10,
            OBJ_11,
            OBJ_12,
            OBJ_13,
            OBJ_14,
            OBJ_15,
         );
         name = "classgenerator";
         path = "Sources";
         sourceTree = "SOURCE_ROOT";
      };
      OBJ_9 = {
         isa = "PBXFileReference";
         path = "ClassData.swift";
         sourceTree = "<group>";
      };
   };
   rootObject = OBJ_1;
}
